
Microsoft Visual Studio Solution File, Format Version 12.00
# Visual Studio Version 16
VisualStudioVersion = 16.0.31624.102
MinimumVisualStudioVersion = 10.0.40219.1
Project("{FAE04EC0-301F-11D3-BF4B-00C04F79EFBC}") = "Exercise01", "Exercise01.csproj", "{7B8C16C9-3434-4786-9192-3001FBE0C705}"
EndProject
Project("{FAE04EC0-301F-11D3-BF4B-00C04F79EFBC}") = "UnitTestBigIntExtenderLibrary", "..\UnitTestBigIntExtenderLibrary\UnitTestBigIntExtenderLibrary.csproj", "{131140DA-BCD6-468F-902B-DC44EA7F3FA1}"
EndProject
Global
	GlobalSection(SolutionConfigurationPlatforms) = preSolution
		Debug|Any CPU = Debug|Any CPU
		Release|Any CPU = Release|Any CPU
	EndGlobalSection
	GlobalSection(ProjectConfigurationPlatforms) = postSolution
		{7B8C16C9-3434-4786-9192-3001FBE0C705}.Debug|Any CPU.ActiveCfg = Debug|Any CPU
		{7B8C16C9-3434-4786-9192-3001FBE0C705}.Debug|Any CPU.Build.0 = Debug|Any CPU
		{7B8C16C9-3434-4786-9192-3001FBE0C705}.Release|Any CPU.ActiveCfg = Release|Any CPU
		{7B8C16C9-3434-4786-9192-3001FBE0C705}.Release|Any CPU.Build.0 = Release|Any CPU
		{131140DA-BCD6-468F-902B-DC44EA7F3FA1}.Debug|Any CPU.ActiveCfg = Debug|Any CPU
		{131140DA-BCD6-468F-902B-DC44EA7F3FA1}.Debug|Any CPU.Build.0 = Debug|Any CPU
		{131140DA-BCD6-468F-902B-DC44EA7F3FA1}.Release|Any CPU.ActiveCfg = Release|Any CPU
		{131140DA-BCD6-468F-902B-DC44EA7F3FA1}.Release|Any CPU.Build.0 = Release|Any CPU
	EndGlobalSection
	GlobalSection(SolutionProperties) = preSolution
		HideSolutionNode = FALSE
	EndGlobalSection
	GlobalSection(ExtensibilityGlobals) = postSolution
		SolutionGuid = {062EBA17-8CE9-44A4-A161-BEC671E02A7B}
	EndGlobalSection
EndGlobal
